// !$*UTF8*$!
{
	archiveVersion = 1;
	classes = {
	};
	objectVersion = 56;
	objects = {

/* Begin PBXBuildFile section */
		72317FC62B0C849700C6D537 /* Spinning.swift in Sources */ = {isa = PBXBuildFile; fileRef = 72317FC52B0C849700C6D537 /* Spinning.swift */; };
		72532B712AC2ADFE002FBF03 /* EmojiArtExtensions.swift in Sources */ = {isa = PBXBuildFile; fileRef = 72532B702AC2ADFE002FBF03 /* EmojiArtExtensions.swift */; };
		726E19C62ADC775C00FE5DD9 /* MainView.swift in Sources */ = {isa = PBXBuildFile; fileRef = 726E19C52ADC775C00FE5DD9 /* MainView.swift */; };
		726E19C82ADC77ED00FE5DD9 /* MainState.swift in Sources */ = {isa = PBXBuildFile; fileRef = 726E19C72ADC77ED00FE5DD9 /* MainState.swift */; };
		726E19CA2ADC782B00FE5DD9 /* MainViewModel.swift in Sources */ = {isa = PBXBuildFile; fileRef = 726E19C92ADC782B00FE5DD9 /* MainViewModel.swift */; };
		7270EB8E2B1EEF1C006B7408 /* PalleteChooser.swift in Sources */ = {isa = PBXBuildFile; fileRef = 7270EB8D2B1EEF1C006B7408 /* PalleteChooser.swift */; };
		7270EB902B1EF3C7006B7408 /* EmojiArtDocumentPallete.swift in Sources */ = {isa = PBXBuildFile; fileRef = 7270EB8F2B1EF3C7006B7408 /* EmojiArtDocumentPallete.swift */; };
		7270EB922B1EFC39006B7408 /* PalleteEditor.swift in Sources */ = {isa = PBXBuildFile; fileRef = 7270EB912B1EFC39006B7408 /* PalleteEditor.swift */; };
		72A3AB882B31684900FA727F /* MyGrid.swift in Sources */ = {isa = PBXBuildFile; fileRef = 72A3AB872B31684900FA727F /* MyGrid.swift */; };
		72A3AB8A2B31685200FA727F /* GridLayout.swift in Sources */ = {isa = PBXBuildFile; fileRef = 72A3AB892B31685200FA727F /* GridLayout.swift */; };
		72C839522AE78EC0007B387D /* OptionalImage.swift in Sources */ = {isa = PBXBuildFile; fileRef = 72C839512AE78EC0007B387D /* OptionalImage.swift */; };
		72C839542AE794D4007B387D /* AnimatableSystemFontModifier.swift in Sources */ = {isa = PBXBuildFile; fileRef = 72C839532AE794D4007B387D /* AnimatableSystemFontModifier.swift */; };
		72F696352AB034320050318F /* EmojiArtApp.swift in Sources */ = {isa = PBXBuildFile; fileRef = 72F696342AB034320050318F /* EmojiArtApp.swift */; };
		72F696372AB034320050318F /* EmojiArtDocumentView.swift in Sources */ = {isa = PBXBuildFile; fileRef = 72F696362AB034320050318F /* EmojiArtDocumentView.swift */; };
		72F696392AB034340050318F /* Assets.xcassets in Resources */ = {isa = PBXBuildFile; fileRef = 72F696382AB034340050318F /* Assets.xcassets */; };
		72F6963C2AB034340050318F /* Preview Assets.xcassets in Resources */ = {isa = PBXBuildFile; fileRef = 72F6963B2AB034340050318F /* Preview Assets.xcassets */; };
		72F696432AB034560050318F /* EmojiArtDocument.swift in Sources */ = {isa = PBXBuildFile; fileRef = 72F696422AB034560050318F /* EmojiArtDocument.swift */; };
		72F696452AB03CF90050318F /* EmojiArt.swift in Sources */ = {isa = PBXBuildFile; fileRef = 72F696442AB03CF90050318F /* EmojiArt.swift */; };
/* End PBXBuildFile section */

/* Begin PBXFileReference section */
		72317FC52B0C849700C6D537 /* Spinning.swift */ = {isa = PBXFileReference; lastKnownFileType = sourcecode.swift; path = Spinning.swift; sourceTree = "<group>"; };
		72532B702AC2ADFE002FBF03 /* EmojiArtExtensions.swift */ = {isa = PBXFileReference; lastKnownFileType = sourcecode.swift; path = EmojiArtExtensions.swift; sourceTree = "<group>"; };
		726E19C52ADC775C00FE5DD9 /* MainView.swift */ = {isa = PBXFileReference; lastKnownFileType = sourcecode.swift; path = MainView.swift; sourceTree = "<group>"; };
		726E19C72ADC77ED00FE5DD9 /* MainState.swift */ = {isa = PBXFileReference; lastKnownFileType = sourcecode.swift; path = MainState.swift; sourceTree = "<group>"; };
		726E19C92ADC782B00FE5DD9 /* MainViewModel.swift */ = {isa = PBXFileReference; lastKnownFileType = sourcecode.swift; path = MainViewModel.swift; sourceTree = "<group>"; };
		7270EB8D2B1EEF1C006B7408 /* PalleteChooser.swift */ = {isa = PBXFileReference; lastKnownFileType = sourcecode.swift; path = PalleteChooser.swift; sourceTree = "<group>"; };
		7270EB8F2B1EF3C7006B7408 /* EmojiArtDocumentPallete.swift */ = {isa = PBXFileReference; lastKnownFileType = sourcecode.swift; path = EmojiArtDocumentPallete.swift; sourceTree = "<group>"; };
		7270EB912B1EFC39006B7408 /* PalleteEditor.swift */ = {isa = PBXFileReference; lastKnownFileType = sourcecode.swift; path = PalleteEditor.swift; sourceTree = "<group>"; };
		72A3AB872B31684900FA727F /* MyGrid.swift */ = {isa = PBXFileReference; fileEncoding = 4; lastKnownFileType = sourcecode.swift; name = MyGrid.swift; path = ../../MemoryGame/MemoryGame/Game/MyGrid.swift; sourceTree = "<group>"; };
		72A3AB892B31685200FA727F /* GridLayout.swift */ = {isa = PBXFileReference; fileEncoding = 4; lastKnownFileType = sourcecode.swift; name = GridLayout.swift; path = ../../MemoryGame/MemoryGame/GridLayout.swift; sourceTree = "<group>"; };
		72C839512AE78EC0007B387D /* OptionalImage.swift */ = {isa = PBXFileReference; lastKnownFileType = sourcecode.swift; path = OptionalImage.swift; sourceTree = "<group>"; };
		72C839532AE794D4007B387D /* AnimatableSystemFontModifier.swift */ = {isa = PBXFileReference; lastKnownFileType = sourcecode.swift; path = AnimatableSystemFontModifier.swift; sourceTree = "<group>"; };
		72F696312AB034320050318F /* EmojiArt.app */ = {isa = PBXFileReference; explicitFileType = wrapper.application; includeInIndex = 0; path = EmojiArt.app; sourceTree = BUILT_PRODUCTS_DIR; };
		72F696342AB034320050318F /* EmojiArtApp.swift */ = {isa = PBXFileReference; lastKnownFileType = sourcecode.swift; path = EmojiArtApp.swift; sourceTree = "<group>"; };
		72F696362AB034320050318F /* EmojiArtDocumentView.swift */ = {isa = PBXFileReference; lastKnownFileType = sourcecode.swift; path = EmojiArtDocumentView.swift; sourceTree = "<group>"; };
		72F696382AB034340050318F /* Assets.xcassets */ = {isa = PBXFileReference; lastKnownFileType = folder.assetcatalog; path = Assets.xcassets; sourceTree = "<group>"; };
		72F6963B2AB034340050318F /* Preview Assets.xcassets */ = {isa = PBXFileReference; lastKnownFileType = folder.assetcatalog; path = "Preview Assets.xcassets"; sourceTree = "<group>"; };
		72F696422AB034560050318F /* EmojiArtDocument.swift */ = {isa = PBXFileReference; lastKnownFileType = sourcecode.swift; path = EmojiArtDocument.swift; sourceTree = "<group>"; };
		72F696442AB03CF90050318F /* EmojiArt.swift */ = {isa = PBXFileReference; lastKnownFileType = sourcecode.swift; path = EmojiArt.swift; sourceTree = "<group>"; };
/* End PBXFileReference section */

/* Begin PBXFrameworksBuildPhase section */
		72F6962E2AB034320050318F /* Frameworks */ = {
			isa = PBXFrameworksBuildPhase;
			buildActionMask = 2147483647;
			files = (
			);
			runOnlyForDeploymentPostprocessing = 0;
		};
/* End PBXFrameworksBuildPhase section */

/* Begin PBXGroup section */
		726E19C32ADC772A00FE5DD9 /* screens */ = {
			isa = PBXGroup;
			children = (
				726E19C42ADC774600FE5DD9 /* main */,
			);
			path = screens;
			sourceTree = "<group>";
		};
		726E19C42ADC774600FE5DD9 /* main */ = {
			isa = PBXGroup;
			children = (
				726E19C52ADC775C00FE5DD9 /* MainView.swift */,
				726E19C72ADC77ED00FE5DD9 /* MainState.swift */,
				726E19C92ADC782B00FE5DD9 /* MainViewModel.swift */,
			);
			path = main;
			sourceTree = "<group>";
		};
		72F696282AB034320050318F = {
			isa = PBXGroup;
			children = (
				72F696332AB034320050318F /* EmojiArt */,
				72F696322AB034320050318F /* Products */,
			);
			sourceTree = "<group>";
		};
		72F696322AB034320050318F /* Products */ = {
			isa = PBXGroup;
			children = (
				72F696312AB034320050318F /* EmojiArt.app */,
			);
			name = Products;
			sourceTree = "<group>";
		};
		72F696332AB034320050318F /* EmojiArt */ = {
			isa = PBXGroup;
			children = (
				726E19C32ADC772A00FE5DD9 /* screens */,
				72F696342AB034320050318F /* EmojiArtApp.swift */,
				72A3AB872B31684900FA727F /* MyGrid.swift */,
				72F696362AB034320050318F /* EmojiArtDocumentView.swift */,
				72A3AB892B31685200FA727F /* GridLayout.swift */,
				7270EB8F2B1EF3C7006B7408 /* EmojiArtDocumentPallete.swift */,
				72317FC52B0C849700C6D537 /* Spinning.swift */,
				72C839532AE794D4007B387D /* AnimatableSystemFontModifier.swift */,
				72C839512AE78EC0007B387D /* OptionalImage.swift */,
				72F696442AB03CF90050318F /* EmojiArt.swift */,
				72F696422AB034560050318F /* EmojiArtDocument.swift */,
				7270EB8D2B1EEF1C006B7408 /* PalleteChooser.swift */,
				7270EB912B1EFC39006B7408 /* PalleteEditor.swift */,
				72532B702AC2ADFE002FBF03 /* EmojiArtExtensions.swift */,
				72F696382AB034340050318F /* Assets.xcassets */,
				72F6963A2AB034340050318F /* Preview Content */,
			);
			path = EmojiArt;
			sourceTree = "<group>";
		};
		72F6963A2AB034340050318F /* Preview Content */ = {
			isa = PBXGroup;
			children = (
				72F6963B2AB034340050318F /* Preview Assets.xcassets */,
			);
			path = "Preview Content";
			sourceTree = "<group>";
		};
/* End PBXGroup section */

/* Begin PBXNativeTarget section */
		72F696302AB034320050318F /* EmojiArt */ = {
			isa = PBXNativeTarget;
			buildConfigurationList = 72F6963F2AB034340050318F /* Build configuration list for PBXNativeTarget "EmojiArt" */;
			buildPhases = (
				72F6962D2AB034320050318F /* Sources */,
				72F6962E2AB034320050318F /* Frameworks */,
				72F6962F2AB034320050318F /* Resources */,
			);
			buildRules = (
			);
			dependencies = (
			);
			name = EmojiArt;
			productName = EmojiArt;
			productReference = 72F696312AB034320050318F /* EmojiArt.app */;
			productType = "com.apple.product-type.application";
		};
/* End PBXNativeTarget section */

/* Begin PBXProject section */
		72F696292AB034320050318F /* Project object */ = {
			isa = PBXProject;
			attributes = {
				BuildIndependentTargetsInParallel = 1;
				LastSwiftUpdateCheck = 1400;
				LastUpgradeCheck = 1400;
				TargetAttributes = {
					72F696302AB034320050318F = {
						CreatedOnToolsVersion = 14.0;
					};
				};
			};
			buildConfigurationList = 72F6962C2AB034320050318F /* Build configuration list for PBXProject "EmojiArt" */;
			compatibilityVersion = "Xcode 14.0";
			developmentRegion = en;
			hasScannedForEncodings = 0;
			knownRegions = (
				en,
				Base,
			);
			mainGroup = 72F696282AB034320050318F;
			productRefGroup = 72F696322AB034320050318F /* Products */;
			projectDirPath = "";
			projectRoot = "";
			targets = (
				72F696302AB034320050318F /* EmojiArt */,
			);
		};
/* End PBXProject section */

/* Begin PBXResourcesBuildPhase section */
		72F6962F2AB034320050318F /* Resources */ = {
			isa = PBXResourcesBuildPhase;
			buildActionMask = 2147483647;
			files = (
				72F6963C2AB034340050318F /* Preview Assets.xcassets in Resources */,
				72F696392AB034340050318F /* Assets.xcassets in Resources */,
			);
			runOnlyForDeploymentPostprocessing = 0;
		};
/* End PBXResourcesBuildPhase section */

/* Begin PBXSourcesBuildPhase section */
		72F6962D2AB034320050318F /* Sources */ = {
			isa = PBXSourcesBuildPhase;
			buildActionMask = 2147483647;
			files = (
				72C839522AE78EC0007B387D /* OptionalImage.swift in Sources */,
				726E19C82ADC77ED00FE5DD9 /* MainState.swift in Sources */,
				7270EB902B1EF3C7006B7408 /* EmojiArtDocumentPallete.swift in Sources */,
				72A3AB882B31684900FA727F /* MyGrid.swift in Sources */,
				726E19C62ADC775C00FE5DD9 /* MainView.swift in Sources */,
				72F696452AB03CF90050318F /* EmojiArt.swift in Sources */,
				72532B712AC2ADFE002FBF03 /* EmojiArtExtensions.swift in Sources */,
				72F696372AB034320050318F /* EmojiArtDocumentView.swift in Sources */,
				72317FC62B0C849700C6D537 /* Spinning.swift in Sources */,
				7270EB922B1EFC39006B7408 /* PalleteEditor.swift in Sources */,
				72F696432AB034560050318F /* EmojiArtDocument.swift in Sources */,
				72F696352AB034320050318F /* EmojiArtApp.swift in Sources */,
				7270EB8E2B1EEF1C006B7408 /* PalleteChooser.swift in Sources */,
				72C839542AE794D4007B387D /* AnimatableSystemFontModifier.swift in Sources */,
				726E19CA2ADC782B00FE5DD9 /* MainViewModel.swift in Sources */,
				72A3AB8A2B31685200FA727F /* GridLayout.swift in Sources */,
			);
			runOnlyForDeploymentPostprocessing = 0;
		};
/* End PBXSourcesBuildPhase section */

/* Begin XCBuildConfiguration section */
		72F6963D2AB034340050318F /* Debug */ = {
			isa = XCBuildConfiguration;
			buildSettings = {
				ALWAYS_SEARCH_USER_PATHS = NO;
				CLANG_ANALYZER_NONNULL = YES;
				CLANG_ANALYZER_NUMBER_OBJECT_CONVERSION = YES_AGGRESSIVE;
				CLANG_CXX_LANGUAGE_STANDARD = "gnu++20";
				CLANG_ENABLE_MODULES = YES;
				CLANG_ENABLE_OBJC_ARC = YES;
				CLANG_ENABLE_OBJC_WEAK = YES;
				CLANG_WARN_BLOCK_CAPTURE_AUTORELEASING = YES;
				CLANG_WARN_BOOL_CONVERSION = YES;
				CLANG_WARN_COMMA = YES;
				CLANG_WARN_CONSTANT_CONVERSION = YES;
				CLANG_WARN_DEPRECATED_OBJC_IMPLEMENTATIONS = YES;
				CLANG_WARN_DIRECT_OBJC_ISA_USAGE = YES_ERROR;
				CLANG_WARN_DOCUMENTATION_COMMENTS = YES;
				CLANG_WARN_EMPTY_BODY = YES;
				CLANG_WARN_ENUM_CONVERSION = YES;
				CLANG_WARN_INFINITE_RECURSION = YES;
				CLANG_WARN_INT_CONVERSION = YES;
				CLANG_WARN_NON_LITERAL_NULL_CONVERSION = YES;
				CLANG_WARN_OBJC_IMPLICIT_RETAIN_SELF = YES;
				CLANG_WARN_OBJC_LITERAL_CONVERSION = YES;
				CLANG_WARN_OBJC_ROOT_CLASS = YES_ERROR;
				CLANG_WARN_QUOTED_INCLUDE_IN_FRAMEWORK_HEADER = YES;
				CLANG_WARN_RANGE_LOOP_ANALYSIS = YES;
				CLANG_WARN_STRICT_PROTOTYPES = YES;
				CLANG_WARN_SUSPICIOUS_MOVE = YES;
				CLANG_WARN_UNGUARDED_AVAILABILITY = YES_AGGRESSIVE;
				CLANG_WARN_UNREACHABLE_CODE = YES;
				CLANG_WARN__DUPLICATE_METHOD_MATCH = YES;
				COPY_PHASE_STRIP = NO;
				DEBUG_INFORMATION_FORMAT = dwarf;
				ENABLE_STRICT_OBJC_MSGSEND = YES;
				ENABLE_TESTABILITY = YES;
				GCC_C_LANGUAGE_STANDARD = gnu11;
				GCC_DYNAMIC_NO_PIC = NO;
				GCC_NO_COMMON_BLOCKS = YES;
				GCC_OPTIMIZATION_LEVEL = 0;
				GCC_PREPROCESSOR_DEFINITIONS = (
					"DEBUG=1",
					"$(inherited)",
				);
				GCC_WARN_64_TO_32_BIT_CONVERSION = YES;
				GCC_WARN_ABOUT_RETURN_TYPE = YES_ERROR;
				GCC_WARN_UNDECLARED_SELECTOR = YES;
				GCC_WARN_UNINITIALIZED_AUTOS = YES_AGGRESSIVE;
				GCC_WARN_UNUSED_FUNCTION = YES;
				GCC_WARN_UNUSED_VARIABLE = YES;
				IPHONEOS_DEPLOYMENT_TARGET = 16.0;
				MTL_ENABLE_DEBUG_INFO = INCLUDE_SOURCE;
				MTL_FAST_MATH = YES;
				ONLY_ACTIVE_ARCH = YES;
				SDKROOT = iphoneos;
				SWIFT_ACTIVE_COMPILATION_CONDITIONS = DEBUG;
				SWIFT_OPTIMIZATION_LEVEL = "-Onone";
			};
			name = Debug;
		};
		72F6963E2AB034340050318F /* Release */ = {
			isa = XCBuildConfiguration;
			buildSettings = {
				ALWAYS_SEARCH_USER_PATHS = NO;
				CLANG_ANALYZER_NONNULL = YES;
				CLANG_ANALYZER_NUMBER_OBJECT_CONVERSION = YES_AGGRESSIVE;
				CLANG_CXX_LANGUAGE_STANDARD = "gnu++20";
				CLANG_ENABLE_MODULES = YES;
				CLANG_ENABLE_OBJC_ARC = YES;
				CLANG_ENABLE_OBJC_WEAK = YES;
				CLANG_WARN_BLOCK_CAPTURE_AUTORELEASING = YES;
				CLANG_WARN_BOOL_CONVERSION = YES;
				CLANG_WARN_COMMA = YES;
				CLANG_WARN_CONSTANT_CONVERSION = YES;
				CLANG_WARN_DEPRECATED_OBJC_IMPLEMENTATIONS = YES;
				CLANG_WARN_DIRECT_OBJC_ISA_USAGE = YES_ERROR;
				CLANG_WARN_DOCUMENTATION_COMMENTS = YES;
				CLANG_WARN_EMPTY_BODY = YES;
				CLANG_WARN_ENUM_CONVERSION = YES;
				CLANG_WARN_INFINITE_RECURSION = YES;
				CLANG_WARN_INT_CONVERSION = YES;
				CLANG_WARN_NON_LITERAL_NULL_CONVERSION = YES;
				CLANG_WARN_OBJC_IMPLICIT_RETAIN_SELF = YES;
				CLANG_WARN_OBJC_LITERAL_CONVERSION = YES;
				CLANG_WARN_OBJC_ROOT_CLASS = YES_ERROR;
				CLANG_WARN_QUOTED_INCLUDE_IN_FRAMEWORK_HEADER = YES;
				CLANG_WARN_RANGE_LOOP_ANALYSIS = YES;
				CLANG_WARN_STRICT_PROTOTYPES = YES;
				CLANG_WARN_SUSPICIOUS_MOVE = YES;
				CLANG_WARN_UNGUARDED_AVAILABILITY = YES_AGGRESSIVE;
				CLANG_WARN_UNREACHABLE_CODE = YES;
				CLANG_WARN__DUPLICATE_METHOD_MATCH = YES;
				COPY_PHASE_STRIP = NO;
				DEBUG_INFORMATION_FORMAT = "dwarf-with-dsym";
				ENABLE_NS_ASSERTIONS = NO;
				ENABLE_STRICT_OBJC_MSGSEND = YES;
				GCC_C_LANGUAGE_STANDARD = gnu11;
				GCC_NO_COMMON_BLOCKS = YES;
				GCC_WARN_64_TO_32_BIT_CONVERSION = YES;
				GCC_WARN_ABOUT_RETURN_TYPE = YES_ERROR;
				GCC_WARN_UNDECLARED_SELECTOR = YES;
				GCC_WARN_UNINITIALIZED_AUTOS = YES_AGGRESSIVE;
				GCC_WARN_UNUSED_FUNCTION = YES;
				GCC_WARN_UNUSED_VARIABLE = YES;
				IPHONEOS_DEPLOYMENT_TARGET = 16.0;
				MTL_ENABLE_DEBUG_INFO = NO;
				MTL_FAST_MATH = YES;
				SDKROOT = iphoneos;
				SWIFT_COMPILATION_MODE = wholemodule;
				SWIFT_OPTIMIZATION_LEVEL = "-O";
				VALIDATE_PRODUCT = YES;
			};
			name = Release;
		};
		72F696402AB034340050318F /* Debug */ = {
			isa = XCBuildConfiguration;
			buildSettings = {
				ASSETCATALOG_COMPILER_APPICON_NAME = AppIcon;
				ASSETCATALOG_COMPILER_GLOBAL_ACCENT_COLOR_NAME = AccentColor;
				CODE_SIGN_STYLE = Automatic;
				CURRENT_PROJECT_VERSION = 1;
				DEVELOPMENT_ASSET_PATHS = "\"EmojiArt/Preview Content\"";
				ENABLE_PREVIEWS = YES;
				GENERATE_INFOPLIST_FILE = YES;
				INFOPLIST_KEY_UIApplicationSceneManifest_Generation = YES;
				INFOPLIST_KEY_UIApplicationSupportsIndirectInputEvents = YES;
				INFOPLIST_KEY_UILaunchScreen_Generation = YES;
				INFOPLIST_KEY_UISupportedInterfaceOrientations_iPad = "UIInterfaceOrientationPortrait UIInterfaceOrientationPortraitUpsideDown UIInterfaceOrientationLandscapeLeft UIInterfaceOrientationLandscapeRight";
				INFOPLIST_KEY_UISupportedInterfaceOrientations_iPhone = "UIInterfaceOrientationPortrait UIInterfaceOrientationLandscapeLeft UIInterfaceOrientationLandscapeRight";
				LD_RUNPATH_SEARCH_PATHS = (
					"$(inherited)",
					"@executable_path/Frameworks",
				);
				MARKETING_VERSION = 1.0;
				PRODUCT_BUNDLE_IDENTIFIER = io.shiryaev.EmojiArt;
				PRODUCT_NAME = "$(TARGET_NAME)";
				SWIFT_EMIT_LOC_STRINGS = YES;
				SWIFT_VERSION = 5.0;
				TARGETED_DEVICE_FAMILY = "1,2";
			};
			name = Debug;
		};
		72F696412AB034340050318F /* Release */ = {
			isa = XCBuildConfiguration;
			buildSettings = {
				ASSETCATALOG_COMPILER_APPICON_NAME = AppIcon;
				ASSETCATALOG_COMPILER_GLOBAL_ACCENT_COLOR_NAME = AccentColor;
				CODE_SIGN_STYLE = Automatic;
				CURRENT_PROJECT_VERSION = 1;
				DEVELOPMENT_ASSET_PATHS = "\"EmojiArt/Preview Content\"";
				ENABLE_PREVIEWS = YES;
				GENERATE_INFOPLIST_FILE = YES;
				INFOPLIST_KEY_UIApplicationSceneManifest_Generation = YES;
				INFOPLIST_KEY_UIApplicationSupportsIndirectInputEvents = YES;
				INFOPLIST_KEY_UILaunchScreen_Generation = YES;
				INFOPLIST_KEY_UISupportedInterfaceOrientations_iPad = "UIInterfaceOrientationPortrait UIInterfaceOrientationPortraitUpsideDown UIInterfaceOrientationLandscapeLeft UIInterfaceOrientationLandscapeRight";
				INFOPLIST_KEY_UISupportedInterfaceOrientations_iPhone = "UIInterfaceOrientationPortrait UIInterfaceOrientationLandscapeLeft UIInterfaceOrientationLandscapeRight";
				LD_RUNPATH_SEARCH_PATHS = (
					"$(inherited)",
					"@executable_path/Frameworks",
				);
				MARKETING_VERSION = 1.0;
				PRODUCT_BUNDLE_IDENTIFIER = io.shiryaev.EmojiArt;
				PRODUCT_NAME = "$(TARGET_NAME)";
				SWIFT_EMIT_LOC_STRINGS = YES;
				SWIFT_VERSION = 5.0;
				TARGETED_DEVICE_FAMILY = "1,2";
			};
			name = Release;
		};
/* End XCBuildConfiguration section */

/* Begin XCConfigurationList section */
		72F6962C2AB034320050318F /* Build configuration list for PBXProject "EmojiArt" */ = {
			isa = XCConfigurationList;
			buildConfigurations = (
				72F6963D2AB034340050318F /* Debug */,
				72F6963E2AB034340050318F /* Release */,
			);
			defaultConfigurationIsVisible = 0;
			defaultConfigurationName = Release;
		};
		72F6963F2AB034340050318F /* Build configuration list for PBXNativeTarget "EmojiArt" */ = {
			isa = XCConfigurationList;
			buildConfigurations = (
				72F696402AB034340050318F /* Debug */,
				72F696412AB034340050318F /* Release */,
			);
			defaultConfigurationIsVisible = 0;
			defaultConfigurationName = Release;
		};
/* End XCConfigurationList section */
	};
	rootObject = 72F696292AB034320050318F /* Project object */;
}
